
Microsoft Visual Studio Solution File, Format Version 12.00
# Visual Studio Version 16
VisualStudioVersion = 16.0.32106.194
MinimumVisualStudioVersion = 10.0.40219.1
Project("{FAE04EC0-301F-11D3-BF4B-00C04F79EFBC}") = "Cheese factory", "Cheese factory.csproj", "{D2CEF744-2C77-4369-ACAD-D68B37201FFF}"
EndProject
Global
	GlobalSection(SolutionConfigurationPlatforms) = preSolution
		Debug|Any CPU = Debug|Any CPU
		Release|Any CPU = Release|Any CPU
	EndGlobalSection
	GlobalSection(ProjectConfigurationPlatforms) = postSolution
		{D2CEF744-2C77-4369-ACAD-D68B37201FFF}.Debug|Any CPU.ActiveCfg = Debug|Any CPU
		{D2CEF744-2C77-4369-ACAD-D68B37201FFF}.Debug|Any CPU.Build.0 = Debug|Any CPU
		{D2CEF744-2C77-4369-ACAD-D68B37201FFF}.Release|Any CPU.ActiveCfg = Release|Any CPU
		{D2CEF744-2C77-4369-ACAD-D68B37201FFF}.Release|Any CPU.Build.0 = Release|Any CPU
	EndGlobalSection
	GlobalSection(SolutionProperties) = preSolution
		HideSolutionNode = FALSE
	EndGlobalSection
	GlobalSection(ExtensibilityGlobals) = postSolution
		SolutionGuid = {A9B97CE5-81CE-4DB2-9ADD-9B694FCB3FC8}
	EndGlobalSection
EndGlobal
